{
  "originHash" : "6716a76fbda84dd80c4a8067e24ebcb24873c9e61187680517f62e5871a99225",
  "pins" : [
    {
      "identity" : "alinfoundation",
      "kind" : "remoteSourceControl",
      "location" : "https://github.com/alienator88/AlinFoundation.git",
      "state" : {
        "revision" : "0e20830f32083b5a2f5cb7e374582d3555694995",
        "version" : "1.0.5"
      }
    }
  ],
  "version" : 3
}
