// !$*UTF8*$!
{
	archiveVersion = 1;
	classes = {
	};
	objectVersion = 56;
	objects = {

/* Begin PBXBuildFile section */
		42016B352C0C3A69002135AB /* PreferencesView.swift in Sources */ = {isa = PBXBuildFile; fileRef = 42016B342C0C3A69002135AB /* PreferencesView.swift */; };
		421B6AFD2B37504000946AF4 /* MicmuteApp.swift in Sources */ = {isa = PBXBuildFile; fileRef = 421B6AFC2B37504000946AF4 /* MicmuteApp.swift */; };
		421B6B012B37504100946AF4 /* Assets.xcassets in Resources */ = {isa = PBXBuildFile; fileRef = 421B6B002B37504100946AF4 /* Assets.xcassets */; };
		42698EBD2C0BE7CB00648D4C /* NotificationView.swift in Sources */ = {isa = PBXBuildFile; fileRef = 42698EBC2C0BE7CB00648D4C /* NotificationView.swift */; };
		427A86A92C0A0B1A000AFAD4 /* Constants.swift in Sources */ = {isa = PBXBuildFile; fileRef = 427A86A82C0A0B1A000AFAD4 /* Constants.swift */; };
		427A86C12C0A52D1000AFAD4 /* CustomSectionView.swift in Sources */ = {isa = PBXBuildFile; fileRef = 427A86C02C0A52D1000AFAD4 /* CustomSectionView.swift */; };
		427A86C32C0A5358000AFAD4 /* AboutView.swift in Sources */ = {isa = PBXBuildFile; fileRef = 427A86C22C0A5358000AFAD4 /* AboutView.swift */; };
		42E82CA62C0B682700768A23 /* NotificationWindow.swift in Sources */ = {isa = PBXBuildFile; fileRef = 42E82CA52C0B682700768A23 /* NotificationWindow.swift */; };
		752628CB2D596C2C00B54A0B /* MenuView.swift in Sources */ = {isa = PBXBuildFile; fileRef = 752628CA2D596C2400B54A0B /* MenuView.swift */; };
		752628CE2D596C8D00B54A0B /* ContentViewModel.swift in Sources */ = {isa = PBXBuildFile; fileRef = 752628CD2D596C8900B54A0B /* ContentViewModel.swift */; };
		75294FD82D598D8F006A58AF /* Localizable.xcstrings in Resources */ = {isa = PBXBuildFile; fileRef = 75294FD72D598D8F006A58AF /* Localizable.xcstrings */; };
		7535635C2D5A9F55003391A1 /* MenuBarIcons.swift in Sources */ = {isa = PBXBuildFile; fileRef = 7535635B2D5A9F3D003391A1 /* MenuBarIcons.swift */; };
		754C61882D5A378500A418EA /* PreferencesWindow.swift in Sources */ = {isa = PBXBuildFile; fileRef = 754C61872D5A377F00A418EA /* PreferencesWindow.swift */; };
		754C618A2D5A3AA000A418EA /* GeneralView.swift in Sources */ = {isa = PBXBuildFile; fileRef = 754C61892D5A3A9E00A418EA /* GeneralView.swift */; };
		75A98F022D5B04DC00246E68 /* LaunchAtLoginManager.swift in Sources */ = {isa = PBXBuildFile; fileRef = 75A98F012D5B04D600246E68 /* LaunchAtLoginManager.swift */; };
		75D8A5A32E8C3C48004E13A3 /* UpdatesView.swift in Sources */ = {isa = PBXBuildFile; fileRef = 75D8A5A22E8C3C48004E13A3 /* UpdatesView.swift */; };
		75F1C0D12E9A0C5D00A1B2C3 /* MarkdownReleasesView.swift in Sources */ = {isa = PBXBuildFile; fileRef = 75F1C0D02E9A0C5D00A1B2C3 /* MarkdownReleasesView.swift */; };
		75F1C0D52E9A0C8700A1B2C3 /* Release+Markdown.swift in Sources */ = {isa = PBXBuildFile; fileRef = 75F1C0D42E9A0C8700A1B2C3 /* Release+Markdown.swift */; };
		75F1C0E12E9A0C9000A1B2C3 /* SettingsUpdaterModel.swift in Sources */ = {isa = PBXBuildFile; fileRef = 75F1C0E02E9A0C9000A1B2C3 /* SettingsUpdaterModel.swift */; };
		76B7D5A12F0A8BF500AB1234 /* UpdaterSupport.swift in Sources */ = {isa = PBXBuildFile; fileRef = 76B7D5A02F0A8BF500AB1234 /* UpdaterSupport.swift */; };
		76F5F0112F0D000000AB0001 /* Shortcut.swift in Sources */ = {isa = PBXBuildFile; fileRef = 76F5F0012F0D000000AB0001 /* Shortcut.swift */; };
		76F5F0122F0D000000AB0001 /* ShortcutPreferences.swift in Sources */ = {isa = PBXBuildFile; fileRef = 76F5F0022F0D000000AB0001 /* ShortcutPreferences.swift */; };
		76F5F0132F0D000000AB0001 /* ShortcutRecorderView.swift in Sources */ = {isa = PBXBuildFile; fileRef = 76F5F0032F0D000000AB0001 /* ShortcutRecorderView.swift */; };
		76F5F0142F0D000000AB0001 /* GlobalShortcutManager.swift in Sources */ = {isa = PBXBuildFile; fileRef = 76F5F0042F0D000000AB0001 /* GlobalShortcutManager.swift */; };
/* End PBXBuildFile section */

/* Begin PBXCopyFilesBuildPhase section */
		76F0A03A2F0C030000AB5678 /* CopyFiles */ = {
			isa = PBXCopyFilesBuildPhase;
			buildActionMask = 2147483647;
			dstPath = "";
			dstSubfolderSpec = 7;
			files = (
			);
			runOnlyForDeploymentPostprocessing = 0;
		};
/* End PBXCopyFilesBuildPhase section */

/* Begin PBXFileReference section */
		42016B342C0C3A69002135AB /* PreferencesView.swift */ = {isa = PBXFileReference; lastKnownFileType = sourcecode.swift; path = PreferencesView.swift; sourceTree = "<group>"; };
		421B6AFC2B37504000946AF4 /* MicmuteApp.swift */ = {isa = PBXFileReference; lastKnownFileType = sourcecode.swift; path = MicmuteApp.swift; sourceTree = "<group>"; };
		421B6B002B37504100946AF4 /* Assets.xcassets */ = {isa = PBXFileReference; lastKnownFileType = folder.assetcatalog; path = Assets.xcassets; sourceTree = "<group>"; };
		421B6B052B37504100946AF4 /* Micmute.entitlements */ = {isa = PBXFileReference; lastKnownFileType = text.plist.entitlements; path = Micmute.entitlements; sourceTree = "<group>"; };
		421B6B0B2B3764BC00946AF4 /* Info.plist */ = {isa = PBXFileReference; lastKnownFileType = text.plist; path = Info.plist; sourceTree = "<group>"; };
		42698EBB2C0BD99D00648D4C /* Micmute.app */ = {isa = PBXFileReference; explicitFileType = wrapper.application; includeInIndex = 0; path = Micmute.app; sourceTree = BUILT_PRODUCTS_DIR; };
		42698EBC2C0BE7CB00648D4C /* NotificationView.swift */ = {isa = PBXFileReference; lastKnownFileType = sourcecode.swift; path = NotificationView.swift; sourceTree = "<group>"; };
		427A86A82C0A0B1A000AFAD4 /* Constants.swift */ = {isa = PBXFileReference; lastKnownFileType = sourcecode.swift; path = Constants.swift; sourceTree = "<group>"; };
		427A86C02C0A52D1000AFAD4 /* CustomSectionView.swift */ = {isa = PBXFileReference; lastKnownFileType = sourcecode.swift; path = CustomSectionView.swift; sourceTree = "<group>"; };
		427A86C22C0A5358000AFAD4 /* AboutView.swift */ = {isa = PBXFileReference; lastKnownFileType = sourcecode.swift; path = AboutView.swift; sourceTree = "<group>"; };
		42E82CA52C0B682700768A23 /* NotificationWindow.swift */ = {isa = PBXFileReference; lastKnownFileType = sourcecode.swift; path = NotificationWindow.swift; sourceTree = "<group>"; };
		752628CA2D596C2400B54A0B /* MenuView.swift */ = {isa = PBXFileReference; lastKnownFileType = sourcecode.swift; path = MenuView.swift; sourceTree = "<group>"; };
		752628CD2D596C8900B54A0B /* ContentViewModel.swift */ = {isa = PBXFileReference; lastKnownFileType = sourcecode.swift; path = ContentViewModel.swift; sourceTree = "<group>"; };
		75294FD72D598D8F006A58AF /* Localizable.xcstrings */ = {isa = PBXFileReference; lastKnownFileType = text.json.xcstrings; path = Localizable.xcstrings; sourceTree = "<group>"; };
		7535635B2D5A9F3D003391A1 /* MenuBarIcons.swift */ = {isa = PBXFileReference; lastKnownFileType = sourcecode.swift; path = MenuBarIcons.swift; sourceTree = "<group>"; };
		754C61872D5A377F00A418EA /* PreferencesWindow.swift */ = {isa = PBXFileReference; lastKnownFileType = sourcecode.swift; path = PreferencesWindow.swift; sourceTree = "<group>"; };
		754C61892D5A3A9E00A418EA /* GeneralView.swift */ = {isa = PBXFileReference; lastKnownFileType = sourcecode.swift; path = GeneralView.swift; sourceTree = "<group>"; };
		75A98F012D5B04D600246E68 /* LaunchAtLoginManager.swift */ = {isa = PBXFileReference; lastKnownFileType = sourcecode.swift; path = LaunchAtLoginManager.swift; sourceTree = "<group>"; };
		75D8A5A22E8C3C48004E13A3 /* UpdatesView.swift */ = {isa = PBXFileReference; lastKnownFileType = sourcecode.swift; path = UpdatesView.swift; sourceTree = "<group>"; };
		75F1C0D02E9A0C5D00A1B2C3 /* MarkdownReleasesView.swift */ = {isa = PBXFileReference; lastKnownFileType = sourcecode.swift; path = MarkdownReleasesView.swift; sourceTree = "<group>"; };
		75F1C0D42E9A0C8700A1B2C3 /* Release+Markdown.swift */ = {isa = PBXFileReference; lastKnownFileType = sourcecode.swift; path = "Release+Markdown.swift"; sourceTree = "<group>"; };
		75F1C0E02E9A0C9000A1B2C3 /* SettingsUpdaterModel.swift */ = {isa = PBXFileReference; lastKnownFileType = sourcecode.swift; path = SettingsUpdaterModel.swift; sourceTree = "<group>"; };
		76B7D5A02F0A8BF500AB1234 /* UpdaterSupport.swift */ = {isa = PBXFileReference; lastKnownFileType = sourcecode.swift; path = UpdaterSupport.swift; sourceTree = "<group>"; };
		76F0A0302F0C020000AB5678 /* CoreAudio.framework */ = {isa = PBXFileReference; lastKnownFileType = wrapper.framework; name = CoreAudio.framework; path = System/Library/Frameworks/CoreAudio.framework; sourceTree = SDKROOT; };
		76F0A0312F0C020000AB5678 /* AudioToolbox.framework */ = {isa = PBXFileReference; lastKnownFileType = wrapper.framework; name = AudioToolbox.framework; path = System/Library/Frameworks/AudioToolbox.framework; sourceTree = SDKROOT; };
		76F0A0322F0C020000AB5678 /* CoreFoundation.framework */ = {isa = PBXFileReference; lastKnownFileType = wrapper.framework; name = CoreFoundation.framework; path = System/Library/Frameworks/CoreFoundation.framework; sourceTree = SDKROOT; };
		76F0A03C2F0C12A000AB5678 /* Security.framework */ = {isa = PBXFileReference; lastKnownFileType = wrapper.framework; name = Security.framework; path = System/Library/Frameworks/Security.framework; sourceTree = SDKROOT; };
		76F5F0012F0D000000AB0001 /* Shortcut.swift */ = {isa = PBXFileReference; lastKnownFileType = sourcecode.swift; path = Shortcut.swift; sourceTree = "<group>"; };
		76F5F0022F0D000000AB0001 /* ShortcutPreferences.swift */ = {isa = PBXFileReference; lastKnownFileType = sourcecode.swift; path = ShortcutPreferences.swift; sourceTree = "<group>"; };
		76F5F0032F0D000000AB0001 /* ShortcutRecorderView.swift */ = {isa = PBXFileReference; lastKnownFileType = sourcecode.swift; path = ShortcutRecorderView.swift; sourceTree = "<group>"; };
		76F5F0042F0D000000AB0001 /* GlobalShortcutManager.swift */ = {isa = PBXFileReference; lastKnownFileType = sourcecode.swift; path = GlobalShortcutManager.swift; sourceTree = "<group>"; };
/* End PBXFileReference section */

/* Begin PBXFrameworksBuildPhase section */
		421B6AF62B37504000946AF4 /* Frameworks */ = {
			isa = PBXFrameworksBuildPhase;
			buildActionMask = 2147483647;
			files = (
			);
			runOnlyForDeploymentPostprocessing = 0;
		};
/* End PBXFrameworksBuildPhase section */

/* Begin PBXGroup section */
		42016B1E2C0C2F17002135AB /* Windows */ = {
			isa = PBXGroup;
			children = (
				754C61872D5A377F00A418EA /* PreferencesWindow.swift */,
				42E82CA52C0B682700768A23 /* NotificationWindow.swift */,
			);
			path = Windows;
			sourceTree = "<group>";
		};
		421B6AF02B37504000946AF4 = {
			isa = PBXGroup;
			children = (
				421B6AFB2B37504000946AF4 /* Micmute */,
				76F5F0052F0D000000AB0001 /* Products */,
				42698EC12C0C008C00648D4C /* Frameworks */,
			);
			sourceTree = "<group>";
		};
		421B6AFB2B37504000946AF4 /* Micmute */ = {
			isa = PBXGroup;
			children = (
				427A86A72C0A0B0C000AFAD4 /* Utilities */,
				427A86A22C0A0343000AFAD4 /* Models */,
				42016B1E2C0C2F17002135AB /* Windows */,
				427A869D2C0A0142000AFAD4 /* Views */,
				421B6AFC2B37504000946AF4 /* MicmuteApp.swift */,
				421B6B0B2B3764BC00946AF4 /* Info.plist */,
				421B6B002B37504100946AF4 /* Assets.xcassets */,
				421B6B052B37504100946AF4 /* Micmute.entitlements */,
				75294FD72D598D8F006A58AF /* Localizable.xcstrings */,
			);
			path = Micmute;
			sourceTree = "<group>";
		};
		42698EC12C0C008C00648D4C /* Frameworks */ = {
			isa = PBXGroup;
			children = (
				76F0A0302F0C020000AB5678 /* CoreAudio.framework */,
				76F0A0312F0C020000AB5678 /* AudioToolbox.framework */,
				76F0A0322F0C020000AB5678 /* CoreFoundation.framework */,
				76F0A03C2F0C12A000AB5678 /* Security.framework */,
			);
			name = Frameworks;
			sourceTree = "<group>";
		};
		427A869D2C0A0142000AFAD4 /* Views */ = {
			isa = PBXGroup;
			children = (
				75A0019B2E9166C200817E6C /* Settings */,
				752628CA2D596C2400B54A0B /* MenuView.swift */,
				427A86C02C0A52D1000AFAD4 /* CustomSectionView.swift */,
				76F5F0032F0D000000AB0001 /* ShortcutRecorderView.swift */,
				75F1C0D02E9A0C5D00A1B2C3 /* MarkdownReleasesView.swift */,
			);
			path = Views;
			sourceTree = "<group>";
		};
		427A86A22C0A0343000AFAD4 /* Models */ = {
			isa = PBXGroup;
			children = (
				752628CD2D596C8900B54A0B /* ContentViewModel.swift */,
				76F5F0012F0D000000AB0001 /* Shortcut.swift */,
				76F5F0022F0D000000AB0001 /* ShortcutPreferences.swift */,
			);
			path = Models;
			sourceTree = "<group>";
		};
		427A86A72C0A0B0C000AFAD4 /* Utilities */ = {
			isa = PBXGroup;
			children = (
				75A98F012D5B04D600246E68 /* LaunchAtLoginManager.swift */,
				7535635B2D5A9F3D003391A1 /* MenuBarIcons.swift */,
				427A86A82C0A0B1A000AFAD4 /* Constants.swift */,
				76F5F0042F0D000000AB0001 /* GlobalShortcutManager.swift */,
				75F1C0D42E9A0C8700A1B2C3 /* Release+Markdown.swift */,
				75F1C0E02E9A0C9000A1B2C3 /* SettingsUpdaterModel.swift */,
				76B7D5A02F0A8BF500AB1234 /* UpdaterSupport.swift */,
			);
			path = Utilities;
			sourceTree = "<group>";
		};
		75A0019B2E9166C200817E6C /* Settings */ = {
			isa = PBXGroup;
			children = (
				754C61892D5A3A9E00A418EA /* GeneralView.swift */,
				42698EBC2C0BE7CB00648D4C /* NotificationView.swift */,
				427A86C22C0A5358000AFAD4 /* AboutView.swift */,
				42016B342C0C3A69002135AB /* PreferencesView.swift */,
				75D8A5A22E8C3C48004E13A3 /* UpdatesView.swift */,
			);
			path = Settings;
			sourceTree = "<group>";
		};
		76F5F0052F0D000000AB0001 /* Products */ = {
			isa = PBXGroup;
			children = (
				42698EBB2C0BD99D00648D4C /* Micmute.app */,
			);
			name = Products;
			sourceTree = "<group>";
		};
/* End PBXGroup section */

/* Begin PBXNativeTarget section */
		421B6AF82B37504000946AF4 /* Micmute */ = {
			isa = PBXNativeTarget;
			buildConfigurationList = 421B6B082B37504100946AF4 /* Build configuration list for PBXNativeTarget "Micmute" */;
			buildPhases = (
				421B6AF52B37504000946AF4 /* Sources */,
				421B6AF62B37504000946AF4 /* Frameworks */,
				421B6AF72B37504000946AF4 /* Resources */,
				76F0A03A2F0C030000AB5678 /* CopyFiles */,
			);
			buildRules = (
			);
			dependencies = (
			);
			name = Micmute;
			productName = Micmute;
			productReference = 42698EBB2C0BD99D00648D4C /* Micmute.app */;
			productType = "com.apple.product-type.application";
		};
/* End PBXNativeTarget section */

/* Begin PBXProject section */
		421B6AF12B37504000946AF4 /* Project object */ = {
			isa = PBXProject;
			attributes = {
				BuildIndependentTargetsInParallel = YES;
				LastSwiftUpdateCheck = 1510;
				LastUpgradeCheck = 1540;
				TargetAttributes = {
					421B6AF82B37504000946AF4 = {
						CreatedOnToolsVersion = 15.1;
					};
				};
			};
			buildConfigurationList = 421B6AF42B37504000946AF4 /* Build configuration list for PBXProject "Micmute" */;
			compatibilityVersion = "Xcode 14.0";
			developmentRegion = en;
			hasScannedForEncodings = 0;
			knownRegions = (
				en,
				pl,
				Base,
			);
			mainGroup = 421B6AF02B37504000946AF4;
			packageReferences = (
			);
			productRefGroup = 76F5F0052F0D000000AB0001 /* Products */;
			projectDirPath = "";
			projectRoot = "";
			targets = (
				421B6AF82B37504000946AF4 /* Micmute */,
			);
		};
/* End PBXProject section */

/* Begin PBXResourcesBuildPhase section */
		421B6AF72B37504000946AF4 /* Resources */ = {
			isa = PBXResourcesBuildPhase;
			buildActionMask = 2147483647;
			files = (
				421B6B012B37504100946AF4 /* Assets.xcassets in Resources */,
				75294FD82D598D8F006A58AF /* Localizable.xcstrings in Resources */,
			);
			runOnlyForDeploymentPostprocessing = 0;
		};
/* End PBXResourcesBuildPhase section */

/* Begin PBXSourcesBuildPhase section */
		421B6AF52B37504000946AF4 /* Sources */ = {
			isa = PBXSourcesBuildPhase;
			buildActionMask = 2147483647;
			files = (
				42016B352C0C3A69002135AB /* PreferencesView.swift in Sources */,
				754C61882D5A378500A418EA /* PreferencesWindow.swift in Sources */,
				427A86C12C0A52D1000AFAD4 /* CustomSectionView.swift in Sources */,
				754C618A2D5A3AA000A418EA /* GeneralView.swift in Sources */,
				76F5F0132F0D000000AB0001 /* ShortcutRecorderView.swift in Sources */,
				752628CE2D596C8D00B54A0B /* ContentViewModel.swift in Sources */,
				76F5F0112F0D000000AB0001 /* Shortcut.swift in Sources */,
				76F5F0122F0D000000AB0001 /* ShortcutPreferences.swift in Sources */,
				7535635C2D5A9F55003391A1 /* MenuBarIcons.swift in Sources */,
				427A86C32C0A5358000AFAD4 /* AboutView.swift in Sources */,
				42E82CA62C0B682700768A23 /* NotificationWindow.swift in Sources */,
				421B6AFD2B37504000946AF4 /* MicmuteApp.swift in Sources */,
				752628CB2D596C2C00B54A0B /* MenuView.swift in Sources */,
				75A98F022D5B04DC00246E68 /* LaunchAtLoginManager.swift in Sources */,
				76F5F0142F0D000000AB0001 /* GlobalShortcutManager.swift in Sources */,
				42698EBD2C0BE7CB00648D4C /* NotificationView.swift in Sources */,
				427A86A92C0A0B1A000AFAD4 /* Constants.swift in Sources */,
				75D8A5A32E8C3C48004E13A3 /* UpdatesView.swift in Sources */,
				75F1C0D12E9A0C5D00A1B2C3 /* MarkdownReleasesView.swift in Sources */,
				75F1C0D52E9A0C8700A1B2C3 /* Release+Markdown.swift in Sources */,
				75F1C0E12E9A0C9000A1B2C3 /* SettingsUpdaterModel.swift in Sources */,
				76B7D5A12F0A8BF500AB1234 /* UpdaterSupport.swift in Sources */,
			);
			runOnlyForDeploymentPostprocessing = 0;
		};
/* End PBXSourcesBuildPhase section */

/* Begin XCBuildConfiguration section */
		421B6B062B37504100946AF4 /* Debug */ = {
			isa = XCBuildConfiguration;
			buildSettings = {
				ALWAYS_SEARCH_USER_PATHS = NO;
				ASSETCATALOG_COMPILER_GENERATE_SWIFT_ASSET_SYMBOL_EXTENSIONS = YES;
				CLANG_ANALYZER_NONNULL = YES;
				CLANG_ANALYZER_NUMBER_OBJECT_CONVERSION = YES_AGGRESSIVE;
				CLANG_CXX_LANGUAGE_STANDARD = "gnu++20";
				CLANG_ENABLE_MODULES = YES;
				CLANG_ENABLE_OBJC_ARC = YES;
				CLANG_ENABLE_OBJC_WEAK = YES;
				CLANG_WARN_BLOCK_CAPTURE_AUTORELEASING = YES;
				CLANG_WARN_BOOL_CONVERSION = YES;
				CLANG_WARN_COMMA = YES;
				CLANG_WARN_CONSTANT_CONVERSION = YES;
				CLANG_WARN_DEPRECATED_OBJC_IMPLEMENTATIONS = YES;
				CLANG_WARN_DIRECT_OBJC_ISA_USAGE = YES_ERROR;
				CLANG_WARN_DOCUMENTATION_COMMENTS = YES;
				CLANG_WARN_EMPTY_BODY = YES;
				CLANG_WARN_ENUM_CONVERSION = YES;
				CLANG_WARN_INFINITE_RECURSION = YES;
				CLANG_WARN_INT_CONVERSION = YES;
				CLANG_WARN_NON_LITERAL_NULL_CONVERSION = YES;
				CLANG_WARN_OBJC_IMPLICIT_RETAIN_SELF = YES;
				CLANG_WARN_OBJC_LITERAL_CONVERSION = YES;
				CLANG_WARN_OBJC_ROOT_CLASS = YES_ERROR;
				CLANG_WARN_QUOTED_INCLUDE_IN_FRAMEWORK_HEADER = YES;
				CLANG_WARN_RANGE_LOOP_ANALYSIS = YES;
				CLANG_WARN_STRICT_PROTOTYPES = YES;
				CLANG_WARN_SUSPICIOUS_MOVE = YES;
				CLANG_WARN_UNGUARDED_AVAILABILITY = YES_AGGRESSIVE;
				CLANG_WARN_UNREACHABLE_CODE = YES;
				CLANG_WARN__DUPLICATE_METHOD_MATCH = YES;
				COPY_PHASE_STRIP = NO;
				DEAD_CODE_STRIPPING = YES;
				DEBUG_INFORMATION_FORMAT = dwarf;
				ENABLE_STRICT_OBJC_MSGSEND = YES;
				ENABLE_TESTABILITY = YES;
				ENABLE_USER_SCRIPT_SANDBOXING = YES;
				GCC_C_LANGUAGE_STANDARD = gnu17;
				GCC_DYNAMIC_NO_PIC = NO;
				GCC_NO_COMMON_BLOCKS = YES;
				GCC_OPTIMIZATION_LEVEL = 0;
				GCC_PREPROCESSOR_DEFINITIONS = (
					"DEBUG=1",
					"$(inherited)",
				);
				GCC_WARN_64_TO_32_BIT_CONVERSION = YES;
				GCC_WARN_ABOUT_RETURN_TYPE = YES_ERROR;
				GCC_WARN_UNDECLARED_SELECTOR = YES;
				GCC_WARN_UNINITIALIZED_AUTOS = YES_AGGRESSIVE;
				GCC_WARN_UNUSED_FUNCTION = YES;
				GCC_WARN_UNUSED_VARIABLE = YES;
				LOCALIZATION_PREFERS_STRING_CATALOGS = YES;
				MACOSX_DEPLOYMENT_TARGET = 14.0;
				MTL_ENABLE_DEBUG_INFO = INCLUDE_SOURCE;
				MTL_FAST_MATH = YES;
				ONLY_ACTIVE_ARCH = YES;
				SDKROOT = macosx;
				SWIFT_ACTIVE_COMPILATION_CONDITIONS = "DEBUG $(inherited)";
				SWIFT_EMIT_LOC_STRINGS = YES;
				SWIFT_OPTIMIZATION_LEVEL = "-Onone";
			};
			name = Debug;
		};
		421B6B072B37504100946AF4 /* Release */ = {
			isa = XCBuildConfiguration;
			buildSettings = {
				ALWAYS_SEARCH_USER_PATHS = NO;
				ASSETCATALOG_COMPILER_GENERATE_SWIFT_ASSET_SYMBOL_EXTENSIONS = YES;
				CLANG_ANALYZER_NONNULL = YES;
				CLANG_ANALYZER_NUMBER_OBJECT_CONVERSION = YES_AGGRESSIVE;
				CLANG_CXX_LANGUAGE_STANDARD = "gnu++20";
				CLANG_ENABLE_MODULES = YES;
				CLANG_ENABLE_OBJC_ARC = YES;
				CLANG_ENABLE_OBJC_WEAK = YES;
				CLANG_WARN_BLOCK_CAPTURE_AUTORELEASING = YES;
				CLANG_WARN_BOOL_CONVERSION = YES;
				CLANG_WARN_COMMA = YES;
				CLANG_WARN_CONSTANT_CONVERSION = YES;
				CLANG_WARN_DEPRECATED_OBJC_IMPLEMENTATIONS = YES;
				CLANG_WARN_DIRECT_OBJC_ISA_USAGE = YES_ERROR;
				CLANG_WARN_DOCUMENTATION_COMMENTS = YES;
				CLANG_WARN_EMPTY_BODY = YES;
				CLANG_WARN_ENUM_CONVERSION = YES;
				CLANG_WARN_INFINITE_RECURSION = YES;
				CLANG_WARN_INT_CONVERSION = YES;
				CLANG_WARN_NON_LITERAL_NULL_CONVERSION = YES;
				CLANG_WARN_OBJC_IMPLICIT_RETAIN_SELF = YES;
				CLANG_WARN_OBJC_LITERAL_CONVERSION = YES;
				CLANG_WARN_OBJC_ROOT_CLASS = YES_ERROR;
				CLANG_WARN_QUOTED_INCLUDE_IN_FRAMEWORK_HEADER = YES;
				CLANG_WARN_RANGE_LOOP_ANALYSIS = YES;
				CLANG_WARN_STRICT_PROTOTYPES = YES;
				CLANG_WARN_SUSPICIOUS_MOVE = YES;
				CLANG_WARN_UNGUARDED_AVAILABILITY = YES_AGGRESSIVE;
				CLANG_WARN_UNREACHABLE_CODE = YES;
				CLANG_WARN__DUPLICATE_METHOD_MATCH = YES;
				COPY_PHASE_STRIP = NO;
				DEAD_CODE_STRIPPING = YES;
				DEBUG_INFORMATION_FORMAT = "dwarf-with-dsym";
				ENABLE_NS_ASSERTIONS = NO;
				ENABLE_STRICT_OBJC_MSGSEND = YES;
				ENABLE_TESTABILITY = NO;
				ENABLE_USER_SCRIPT_SANDBOXING = YES;
				GCC_C_LANGUAGE_STANDARD = gnu17;
				GCC_NO_COMMON_BLOCKS = YES;
				GCC_WARN_64_TO_32_BIT_CONVERSION = YES;
				GCC_WARN_ABOUT_RETURN_TYPE = YES_ERROR;
				GCC_WARN_UNDECLARED_SELECTOR = YES;
				GCC_WARN_UNINITIALIZED_AUTOS = YES_AGGRESSIVE;
				GCC_WARN_UNUSED_FUNCTION = YES;
				GCC_WARN_UNUSED_VARIABLE = YES;
				LOCALIZATION_PREFERS_STRING_CATALOGS = YES;
				MACOSX_DEPLOYMENT_TARGET = 14.0;
				MTL_ENABLE_DEBUG_INFO = NO;
				MTL_FAST_MATH = YES;
				SDKROOT = macosx;
				SWIFT_COMPILATION_MODE = wholemodule;
				SWIFT_EMIT_LOC_STRINGS = YES;
			};
			name = Release;
		};
		421B6B092B37504100946AF4 /* Debug */ = {
			isa = XCBuildConfiguration;
			buildSettings = {
				ALWAYS_EMBED_SWIFT_STANDARD_LIBRARIES = YES;
				ASSETCATALOG_COMPILER_APPICON_NAME = AppIcon;
				ASSETCATALOG_COMPILER_GLOBAL_ACCENT_COLOR_NAME = AccentColor;
				ASSETCATALOG_COMPILER_INCLUDE_ALL_APPICON_ASSETS = YES;
				AUTOMATION_APPLE_EVENTS = NO;
				CODE_SIGN_ENTITLEMENTS = Micmute/Micmute.entitlements;
				CODE_SIGN_IDENTITY = "Apple Development";
				"CODE_SIGN_IDENTITY[sdk=macosx*]" = "Apple Development";
				CODE_SIGN_STYLE = Automatic;
				COMBINE_HIDPI_IMAGES = YES;
				CURRENT_PROJECT_VERSION = 7;
				DEAD_CODE_STRIPPING = YES;
				DEVELOPMENT_TEAM = N529W98U62;
				ENABLE_HARDENED_RUNTIME = YES;
				ENABLE_PREVIEWS = YES;
				ENABLE_RESOURCE_ACCESS_AUDIO_INPUT = NO;
				ENABLE_RESOURCE_ACCESS_CALENDARS = NO;
				ENABLE_RESOURCE_ACCESS_CAMERA = NO;
				ENABLE_RESOURCE_ACCESS_CONTACTS = NO;
				ENABLE_RESOURCE_ACCESS_LOCATION = NO;
				ENABLE_RESOURCE_ACCESS_PHOTO_LIBRARY = NO;
				GENERATE_INFOPLIST_FILE = YES;
				INFOPLIST_FILE = Micmute/Info.plist;
				INFOPLIST_KEY_CFBundleDisplayName = Micmute;
				INFOPLIST_KEY_LSApplicationCategoryType = "public.app-category.utilities";
				INFOPLIST_KEY_LSUIElement = YES;
				INFOPLIST_KEY_NSHumanReadableCopyright = "";
				LD_RUNPATH_SEARCH_PATHS = (
					"$(inherited)",
					"@executable_path/../Frameworks",
				);
				MACOSX_DEPLOYMENT_TARGET = 15;
				MARKETING_VERSION = 3.1.0;
				"OTHER_CODE_SIGN_FLAGS[sdk=*]" = "--deep";
				PRODUCT_BUNDLE_IDENTIFIER = com.rokartur.Micmute;
				PRODUCT_NAME = "$(TARGET_NAME)";
				PROVISIONING_PROFILE_SPECIFIER = "";
				RUNTIME_EXCEPTION_ALLOW_DYLD_ENVIRONMENT_VARIABLES = NO;
				RUNTIME_EXCEPTION_ALLOW_JIT = NO;
				RUNTIME_EXCEPTION_ALLOW_UNSIGNED_EXECUTABLE_MEMORY = NO;
				RUNTIME_EXCEPTION_DEBUGGING_TOOL = NO;
				RUNTIME_EXCEPTION_DISABLE_EXECUTABLE_PAGE_PROTECTION = NO;
				RUNTIME_EXCEPTION_DISABLE_LIBRARY_VALIDATION = NO;
				SWIFT_EMIT_LOC_STRINGS = YES;
				SWIFT_VERSION = 5.0;
			};
			name = Debug;
		};
		421B6B0A2B37504100946AF4 /* Release */ = {
			isa = XCBuildConfiguration;
			buildSettings = {
				ALWAYS_EMBED_SWIFT_STANDARD_LIBRARIES = YES;
				ASSETCATALOG_COMPILER_APPICON_NAME = AppIcon;
				ASSETCATALOG_COMPILER_GLOBAL_ACCENT_COLOR_NAME = AccentColor;
				ASSETCATALOG_COMPILER_INCLUDE_ALL_APPICON_ASSETS = YES;
				AUTOMATION_APPLE_EVENTS = NO;
				CODE_SIGN_ENTITLEMENTS = Micmute/Micmute.entitlements;
				CODE_SIGN_IDENTITY = "Apple Development";
				"CODE_SIGN_IDENTITY[sdk=macosx*]" = "Apple Development";
				CODE_SIGN_STYLE = Automatic;
				COMBINE_HIDPI_IMAGES = YES;
				CURRENT_PROJECT_VERSION = 7;
				DEAD_CODE_STRIPPING = YES;
				DEVELOPMENT_TEAM = N529W98U62;
				ENABLE_HARDENED_RUNTIME = YES;
				ENABLE_PREVIEWS = YES;
				ENABLE_RESOURCE_ACCESS_AUDIO_INPUT = NO;
				ENABLE_RESOURCE_ACCESS_CALENDARS = NO;
				ENABLE_RESOURCE_ACCESS_CAMERA = NO;
				ENABLE_RESOURCE_ACCESS_CONTACTS = NO;
				ENABLE_RESOURCE_ACCESS_LOCATION = NO;
				ENABLE_RESOURCE_ACCESS_PHOTO_LIBRARY = NO;
				GENERATE_INFOPLIST_FILE = YES;
				INFOPLIST_FILE = Micmute/Info.plist;
				INFOPLIST_KEY_CFBundleDisplayName = Micmute;
				INFOPLIST_KEY_LSApplicationCategoryType = "public.app-category.utilities";
				INFOPLIST_KEY_LSUIElement = YES;
				INFOPLIST_KEY_NSHumanReadableCopyright = "";
				LD_RUNPATH_SEARCH_PATHS = (
					"$(inherited)",
					"@executable_path/../Frameworks",
				);
				MACOSX_DEPLOYMENT_TARGET = 15;
				MARKETING_VERSION = 3.1.0;
				ONLY_ACTIVE_ARCH = YES;
				PRODUCT_BUNDLE_IDENTIFIER = com.rokartur.Micmute;
				PRODUCT_NAME = "$(TARGET_NAME)";
				PROVISIONING_PROFILE_SPECIFIER = "";
				RUNTIME_EXCEPTION_ALLOW_DYLD_ENVIRONMENT_VARIABLES = NO;
				RUNTIME_EXCEPTION_ALLOW_JIT = NO;
				RUNTIME_EXCEPTION_ALLOW_UNSIGNED_EXECUTABLE_MEMORY = NO;
				RUNTIME_EXCEPTION_DEBUGGING_TOOL = NO;
				RUNTIME_EXCEPTION_DISABLE_EXECUTABLE_PAGE_PROTECTION = NO;
				RUNTIME_EXCEPTION_DISABLE_LIBRARY_VALIDATION = NO;
				SWIFT_EMIT_LOC_STRINGS = YES;
				SWIFT_VERSION = 5.0;
			};
			name = Release;
		};
/* End XCBuildConfiguration section */

/* Begin XCConfigurationList section */
		421B6AF42B37504000946AF4 /* Build configuration list for PBXProject "Micmute" */ = {
			isa = XCConfigurationList;
			buildConfigurations = (
				421B6B062B37504100946AF4 /* Debug */,
				421B6B072B37504100946AF4 /* Release */,
			);
			defaultConfigurationIsVisible = 0;
			defaultConfigurationName = Release;
		};
		421B6B082B37504100946AF4 /* Build configuration list for PBXNativeTarget "Micmute" */ = {
			isa = XCConfigurationList;
			buildConfigurations = (
				421B6B092B37504100946AF4 /* Debug */,
				421B6B0A2B37504100946AF4 /* Release */,
			);
			defaultConfigurationIsVisible = 0;
			defaultConfigurationName = Release;
		};
/* End XCConfigurationList section */
	};
	rootObject = 421B6AF12B37504000946AF4 /* Project object */;
}
