// !$*UTF8*$!
{
	archiveVersion = 1;
	classes = {
	};
	objectVersion = 56;
	objects = {

/* Begin PBXBuildFile section */
		42016B162C0C1E6A002135AB /* AppearanceView.swift in Sources */ = {isa = PBXBuildFile; fileRef = 42016B152C0C1E6A002135AB /* AppearanceView.swift */; };
		42016B352C0C3A69002135AB /* PreferencesView.swift in Sources */ = {isa = PBXBuildFile; fileRef = 42016B342C0C3A69002135AB /* PreferencesView.swift */; };
		421A4BFA2C0DCF0D00F7F234 /* KeyboardShortcuts in Frameworks */ = {isa = PBXBuildFile; productRef = 421A4BF92C0DCF0D00F7F234 /* KeyboardShortcuts */; };
		421A4BFD2C0DCF1A00F7F234 /* LaunchAtLogin in Frameworks */ = {isa = PBXBuildFile; productRef = 421A4BFC2C0DCF1A00F7F234 /* LaunchAtLogin */; };
		421A4C032C0DCF5300F7F234 /* Sparkle in Frameworks */ = {isa = PBXBuildFile; productRef = 421A4C022C0DCF5300F7F234 /* Sparkle */; };
		421B6AFD2B37504000946AF4 /* MicmuteApp.swift in Sources */ = {isa = PBXBuildFile; fileRef = 421B6AFC2B37504000946AF4 /* MicmuteApp.swift */; };
		421B6B012B37504100946AF4 /* Assets.xcassets in Resources */ = {isa = PBXBuildFile; fileRef = 421B6B002B37504100946AF4 /* Assets.xcassets */; };
		421B6B042B37504100946AF4 /* Preview Assets.xcassets in Resources */ = {isa = PBXBuildFile; fileRef = 421B6B032B37504100946AF4 /* Preview Assets.xcassets */; };
		42698EBD2C0BE7CB00648D4C /* AnimationView.swift in Sources */ = {isa = PBXBuildFile; fileRef = 42698EBC2C0BE7CB00648D4C /* AnimationView.swift */; };
		42698EC02C0BFF5900648D4C /* CheckForUpdate.swift in Sources */ = {isa = PBXBuildFile; fileRef = 42698EBF2C0BFF5900648D4C /* CheckForUpdate.swift */; };
		427A86A42C0A036F000AFAD4 /* KeyboardShortcuts+Global.swift in Sources */ = {isa = PBXBuildFile; fileRef = 427A86A32C0A036F000AFAD4 /* KeyboardShortcuts+Global.swift */; };
		427A86A92C0A0B1A000AFAD4 /* Constants.swift in Sources */ = {isa = PBXBuildFile; fileRef = 427A86A82C0A0B1A000AFAD4 /* Constants.swift */; };
		427A86C12C0A52D1000AFAD4 /* GeneralView.swift in Sources */ = {isa = PBXBuildFile; fileRef = 427A86C02C0A52D1000AFAD4 /* GeneralView.swift */; };
		427A86C32C0A5358000AFAD4 /* AboutView.swift in Sources */ = {isa = PBXBuildFile; fileRef = 427A86C22C0A5358000AFAD4 /* AboutView.swift */; };
		427A86C52C0A5879000AFAD4 /* SetDefaultInputVolumeDevice.swift in Sources */ = {isa = PBXBuildFile; fileRef = 427A86C42C0A5879000AFAD4 /* SetDefaultInputVolumeDevice.swift */; };
		42E82CA62C0B682700768A23 /* NotificationWindow.swift in Sources */ = {isa = PBXBuildFile; fileRef = 42E82CA52C0B682700768A23 /* NotificationWindow.swift */; };
		752628C92D59642B00B54A0B /* PreferencesWindow.swift in Sources */ = {isa = PBXBuildFile; fileRef = 752628C82D59641A00B54A0B /* PreferencesWindow.swift */; };
		752628CB2D596C2C00B54A0B /* MenuView.swift in Sources */ = {isa = PBXBuildFile; fileRef = 752628CA2D596C2400B54A0B /* MenuView.swift */; };
		752628CE2D596C8D00B54A0B /* ContentView.swift in Sources */ = {isa = PBXBuildFile; fileRef = 752628CD2D596C8900B54A0B /* ContentView.swift */; };
		75D0AB7D2D58EC2E00CAEE56 /* MacControlCenterUI in Frameworks */ = {isa = PBXBuildFile; productRef = 75D0AB7C2D58EC2E00CAEE56 /* MacControlCenterUI */; };
/* End PBXBuildFile section */

/* Begin PBXFileReference section */
		42016B152C0C1E6A002135AB /* AppearanceView.swift */ = {isa = PBXFileReference; lastKnownFileType = sourcecode.swift; path = AppearanceView.swift; sourceTree = "<group>"; };
		42016B342C0C3A69002135AB /* PreferencesView.swift */ = {isa = PBXFileReference; lastKnownFileType = sourcecode.swift; path = PreferencesView.swift; sourceTree = "<group>"; };
		421B6AFC2B37504000946AF4 /* MicmuteApp.swift */ = {isa = PBXFileReference; lastKnownFileType = sourcecode.swift; path = MicmuteApp.swift; sourceTree = "<group>"; };
		421B6B002B37504100946AF4 /* Assets.xcassets */ = {isa = PBXFileReference; lastKnownFileType = folder.assetcatalog; path = Assets.xcassets; sourceTree = "<group>"; };
		421B6B032B37504100946AF4 /* Preview Assets.xcassets */ = {isa = PBXFileReference; lastKnownFileType = folder.assetcatalog; path = "Preview Assets.xcassets"; sourceTree = "<group>"; };
		421B6B052B37504100946AF4 /* Micmute.entitlements */ = {isa = PBXFileReference; lastKnownFileType = text.plist.entitlements; path = Micmute.entitlements; sourceTree = "<group>"; };
		421B6B0B2B3764BC00946AF4 /* Info.plist */ = {isa = PBXFileReference; lastKnownFileType = text.plist; path = Info.plist; sourceTree = "<group>"; };
		42698EBB2C0BD99D00648D4C /* Micmute.app */ = {isa = PBXFileReference; explicitFileType = wrapper.application; includeInIndex = 0; path = Micmute.app; sourceTree = BUILT_PRODUCTS_DIR; };
		42698EBC2C0BE7CB00648D4C /* AnimationView.swift */ = {isa = PBXFileReference; lastKnownFileType = sourcecode.swift; path = AnimationView.swift; sourceTree = "<group>"; };
		42698EBF2C0BFF5900648D4C /* CheckForUpdate.swift */ = {isa = PBXFileReference; lastKnownFileType = sourcecode.swift; path = CheckForUpdate.swift; sourceTree = "<group>"; };
		427A86A32C0A036F000AFAD4 /* KeyboardShortcuts+Global.swift */ = {isa = PBXFileReference; lastKnownFileType = sourcecode.swift; path = "KeyboardShortcuts+Global.swift"; sourceTree = "<group>"; };
		427A86A82C0A0B1A000AFAD4 /* Constants.swift */ = {isa = PBXFileReference; lastKnownFileType = sourcecode.swift; path = Constants.swift; sourceTree = "<group>"; };
		427A86C02C0A52D1000AFAD4 /* GeneralView.swift */ = {isa = PBXFileReference; lastKnownFileType = sourcecode.swift; path = GeneralView.swift; sourceTree = "<group>"; };
		427A86C22C0A5358000AFAD4 /* AboutView.swift */ = {isa = PBXFileReference; lastKnownFileType = sourcecode.swift; path = AboutView.swift; sourceTree = "<group>"; };
		427A86C42C0A5879000AFAD4 /* SetDefaultInputVolumeDevice.swift */ = {isa = PBXFileReference; lastKnownFileType = sourcecode.swift; path = SetDefaultInputVolumeDevice.swift; sourceTree = "<group>"; };
		42E82CA52C0B682700768A23 /* NotificationWindow.swift */ = {isa = PBXFileReference; lastKnownFileType = sourcecode.swift; path = NotificationWindow.swift; sourceTree = "<group>"; };
		752628C82D59641A00B54A0B /* PreferencesWindow.swift */ = {isa = PBXFileReference; lastKnownFileType = sourcecode.swift; path = PreferencesWindow.swift; sourceTree = "<group>"; };
		752628CA2D596C2400B54A0B /* MenuView.swift */ = {isa = PBXFileReference; lastKnownFileType = sourcecode.swift; path = MenuView.swift; sourceTree = "<group>"; };
		752628CD2D596C8900B54A0B /* ContentView.swift */ = {isa = PBXFileReference; lastKnownFileType = sourcecode.swift; path = ContentView.swift; sourceTree = "<group>"; };
/* End PBXFileReference section */

/* Begin PBXFrameworksBuildPhase section */
		421B6AF62B37504000946AF4 /* Frameworks */ = {
			isa = PBXFrameworksBuildPhase;
			buildActionMask = 2147483647;
			files = (
				75D0AB7D2D58EC2E00CAEE56 /* MacControlCenterUI in Frameworks */,
				421A4C032C0DCF5300F7F234 /* Sparkle in Frameworks */,
				421A4BFD2C0DCF1A00F7F234 /* LaunchAtLogin in Frameworks */,
				421A4BFA2C0DCF0D00F7F234 /* KeyboardShortcuts in Frameworks */,
			);
			runOnlyForDeploymentPostprocessing = 0;
		};
/* End PBXFrameworksBuildPhase section */

/* Begin PBXGroup section */
		42016B1E2C0C2F17002135AB /* Windows */ = {
			isa = PBXGroup;
			children = (
				752628C82D59641A00B54A0B /* PreferencesWindow.swift */,
				42E82CA52C0B682700768A23 /* NotificationWindow.swift */,
			);
			path = Windows;
			sourceTree = "<group>";
		};
		42016B212C0C3015002135AB /* PreferencesTabs */ = {
			isa = PBXGroup;
			children = (
				427A86C02C0A52D1000AFAD4 /* GeneralView.swift */,
				42016B152C0C1E6A002135AB /* AppearanceView.swift */,
				42698EBC2C0BE7CB00648D4C /* AnimationView.swift */,
				427A86C22C0A5358000AFAD4 /* AboutView.swift */,
			);
			path = PreferencesTabs;
			sourceTree = "<group>";
		};
		421B6AF02B37504000946AF4 = {
			isa = PBXGroup;
			children = (
				421B6AFB2B37504000946AF4 /* Micmute */,
				42698EBB2C0BD99D00648D4C /* Micmute.app */,
				42698EC12C0C008C00648D4C /* Frameworks */,
			);
			sourceTree = "<group>";
		};
		421B6AFB2B37504000946AF4 /* Micmute */ = {
			isa = PBXGroup;
			children = (
				427A86A72C0A0B0C000AFAD4 /* Utilities */,
				427A86A22C0A0343000AFAD4 /* Models */,
				42016B1E2C0C2F17002135AB /* Windows */,
				427A869D2C0A0142000AFAD4 /* Views */,
				421B6AFC2B37504000946AF4 /* MicmuteApp.swift */,
				421B6B0B2B3764BC00946AF4 /* Info.plist */,
				421B6B002B37504100946AF4 /* Assets.xcassets */,
				421B6B052B37504100946AF4 /* Micmute.entitlements */,
				421B6B022B37504100946AF4 /* Preview Content */,
			);
			path = Micmute;
			sourceTree = "<group>";
		};
		421B6B022B37504100946AF4 /* Preview Content */ = {
			isa = PBXGroup;
			children = (
				421B6B032B37504100946AF4 /* Preview Assets.xcassets */,
			);
			path = "Preview Content";
			sourceTree = "<group>";
		};
		42698EC12C0C008C00648D4C /* Frameworks */ = {
			isa = PBXGroup;
			children = (
			);
			name = Frameworks;
			sourceTree = "<group>";
		};
		427A869D2C0A0142000AFAD4 /* Views */ = {
			isa = PBXGroup;
			children = (
				752628CA2D596C2400B54A0B /* MenuView.swift */,
				42016B212C0C3015002135AB /* PreferencesTabs */,
				42016B342C0C3A69002135AB /* PreferencesView.swift */,
			);
			path = Views;
			sourceTree = "<group>";
		};
		427A86A22C0A0343000AFAD4 /* Models */ = {
			isa = PBXGroup;
			children = (
				752628CD2D596C8900B54A0B /* ContentView.swift */,
				427A86A32C0A036F000AFAD4 /* KeyboardShortcuts+Global.swift */,
			);
			path = Models;
			sourceTree = "<group>";
		};
		427A86A72C0A0B0C000AFAD4 /* Utilities */ = {
			isa = PBXGroup;
			children = (
				427A86A82C0A0B1A000AFAD4 /* Constants.swift */,
				427A86C42C0A5879000AFAD4 /* SetDefaultInputVolumeDevice.swift */,
				42698EBF2C0BFF5900648D4C /* CheckForUpdate.swift */,
			);
			path = Utilities;
			sourceTree = "<group>";
		};
/* End PBXGroup section */

/* Begin PBXNativeTarget section */
		421B6AF82B37504000946AF4 /* Micmute */ = {
			isa = PBXNativeTarget;
			buildConfigurationList = 421B6B082B37504100946AF4 /* Build configuration list for PBXNativeTarget "Micmute" */;
			buildPhases = (
				421B6AF52B37504000946AF4 /* Sources */,
				421B6AF62B37504000946AF4 /* Frameworks */,
				421B6AF72B37504000946AF4 /* Resources */,
			);
			buildRules = (
			);
			dependencies = (
			);
			name = Micmute;
			packageProductDependencies = (
				421A4BF92C0DCF0D00F7F234 /* KeyboardShortcuts */,
				421A4BFC2C0DCF1A00F7F234 /* LaunchAtLogin */,
				421A4C022C0DCF5300F7F234 /* Sparkle */,
				75D0AB7C2D58EC2E00CAEE56 /* MacControlCenterUI */,
			);
			productName = Micmute;
			productReference = 42698EBB2C0BD99D00648D4C /* Micmute.app */;
			productType = "com.apple.product-type.application";
		};
/* End PBXNativeTarget section */

/* Begin PBXProject section */
		421B6AF12B37504000946AF4 /* Project object */ = {
			isa = PBXProject;
			attributes = {
				BuildIndependentTargetsInParallel = YES;
				LastSwiftUpdateCheck = 1510;
				LastUpgradeCheck = 1540;
				TargetAttributes = {
					421B6AF82B37504000946AF4 = {
						CreatedOnToolsVersion = 15.1;
					};
				};
			};
			buildConfigurationList = 421B6AF42B37504000946AF4 /* Build configuration list for PBXProject "Micmute" */;
			compatibilityVersion = "Xcode 14.0";
			developmentRegion = en;
			hasScannedForEncodings = 0;
			knownRegions = (
				en,
				Base,
			);
			mainGroup = 421B6AF02B37504000946AF4;
			packageReferences = (
				421A4BF82C0DCF0D00F7F234 /* XCRemoteSwiftPackageReference "KeyboardShortcuts" */,
				421A4BFB2C0DCF1A00F7F234 /* XCRemoteSwiftPackageReference "LaunchAtLogin-Legacy" */,
				421A4C012C0DCF5300F7F234 /* XCRemoteSwiftPackageReference "Sparkle" */,
				75D0AB7B2D58EC2E00CAEE56 /* XCRemoteSwiftPackageReference "MacControlCenterUI" */,
			);
			productRefGroup = 421B6AF02B37504000946AF4;
			projectDirPath = "";
			projectRoot = "";
			targets = (
				421B6AF82B37504000946AF4 /* Micmute */,
			);
		};
/* End PBXProject section */

/* Begin PBXResourcesBuildPhase section */
		421B6AF72B37504000946AF4 /* Resources */ = {
			isa = PBXResourcesBuildPhase;
			buildActionMask = 2147483647;
			files = (
				421B6B042B37504100946AF4 /* Preview Assets.xcassets in Resources */,
				421B6B012B37504100946AF4 /* Assets.xcassets in Resources */,
			);
			runOnlyForDeploymentPostprocessing = 0;
		};
/* End PBXResourcesBuildPhase section */

/* Begin PBXSourcesBuildPhase section */
		421B6AF52B37504000946AF4 /* Sources */ = {
			isa = PBXSourcesBuildPhase;
			buildActionMask = 2147483647;
			files = (
				42016B352C0C3A69002135AB /* PreferencesView.swift in Sources */,
				427A86C12C0A52D1000AFAD4 /* GeneralView.swift in Sources */,
				752628CE2D596C8D00B54A0B /* ContentView.swift in Sources */,
				427A86C32C0A5358000AFAD4 /* AboutView.swift in Sources */,
				42016B162C0C1E6A002135AB /* AppearanceView.swift in Sources */,
				752628C92D59642B00B54A0B /* PreferencesWindow.swift in Sources */,
				42E82CA62C0B682700768A23 /* NotificationWindow.swift in Sources */,
				421B6AFD2B37504000946AF4 /* MicmuteApp.swift in Sources */,
				752628CB2D596C2C00B54A0B /* MenuView.swift in Sources */,
				42698EC02C0BFF5900648D4C /* CheckForUpdate.swift in Sources */,
				427A86A42C0A036F000AFAD4 /* KeyboardShortcuts+Global.swift in Sources */,
				42698EBD2C0BE7CB00648D4C /* AnimationView.swift in Sources */,
				427A86A92C0A0B1A000AFAD4 /* Constants.swift in Sources */,
				427A86C52C0A5879000AFAD4 /* SetDefaultInputVolumeDevice.swift in Sources */,
			);
			runOnlyForDeploymentPostprocessing = 0;
		};
/* End PBXSourcesBuildPhase section */

/* Begin XCBuildConfiguration section */
		421B6B062B37504100946AF4 /* Debug */ = {
			isa = XCBuildConfiguration;
			buildSettings = {
				ALWAYS_SEARCH_USER_PATHS = NO;
				ASSETCATALOG_COMPILER_GENERATE_SWIFT_ASSET_SYMBOL_EXTENSIONS = YES;
				CLANG_ANALYZER_NONNULL = YES;
				CLANG_ANALYZER_NUMBER_OBJECT_CONVERSION = YES_AGGRESSIVE;
				CLANG_CXX_LANGUAGE_STANDARD = "gnu++20";
				CLANG_ENABLE_MODULES = YES;
				CLANG_ENABLE_OBJC_ARC = YES;
				CLANG_ENABLE_OBJC_WEAK = YES;
				CLANG_WARN_BLOCK_CAPTURE_AUTORELEASING = YES;
				CLANG_WARN_BOOL_CONVERSION = YES;
				CLANG_WARN_COMMA = YES;
				CLANG_WARN_CONSTANT_CONVERSION = YES;
				CLANG_WARN_DEPRECATED_OBJC_IMPLEMENTATIONS = YES;
				CLANG_WARN_DIRECT_OBJC_ISA_USAGE = YES_ERROR;
				CLANG_WARN_DOCUMENTATION_COMMENTS = YES;
				CLANG_WARN_EMPTY_BODY = YES;
				CLANG_WARN_ENUM_CONVERSION = YES;
				CLANG_WARN_INFINITE_RECURSION = YES;
				CLANG_WARN_INT_CONVERSION = YES;
				CLANG_WARN_NON_LITERAL_NULL_CONVERSION = YES;
				CLANG_WARN_OBJC_IMPLICIT_RETAIN_SELF = YES;
				CLANG_WARN_OBJC_LITERAL_CONVERSION = YES;
				CLANG_WARN_OBJC_ROOT_CLASS = YES_ERROR;
				CLANG_WARN_QUOTED_INCLUDE_IN_FRAMEWORK_HEADER = YES;
				CLANG_WARN_RANGE_LOOP_ANALYSIS = YES;
				CLANG_WARN_STRICT_PROTOTYPES = YES;
				CLANG_WARN_SUSPICIOUS_MOVE = YES;
				CLANG_WARN_UNGUARDED_AVAILABILITY = YES_AGGRESSIVE;
				CLANG_WARN_UNREACHABLE_CODE = YES;
				CLANG_WARN__DUPLICATE_METHOD_MATCH = YES;
				COPY_PHASE_STRIP = NO;
				DEAD_CODE_STRIPPING = YES;
				DEBUG_INFORMATION_FORMAT = dwarf;
				ENABLE_STRICT_OBJC_MSGSEND = YES;
				ENABLE_TESTABILITY = YES;
				ENABLE_USER_SCRIPT_SANDBOXING = YES;
				GCC_C_LANGUAGE_STANDARD = gnu17;
				GCC_DYNAMIC_NO_PIC = NO;
				GCC_NO_COMMON_BLOCKS = YES;
				GCC_OPTIMIZATION_LEVEL = 0;
				GCC_PREPROCESSOR_DEFINITIONS = (
					"DEBUG=1",
					"$(inherited)",
				);
				GCC_WARN_64_TO_32_BIT_CONVERSION = YES;
				GCC_WARN_ABOUT_RETURN_TYPE = YES_ERROR;
				GCC_WARN_UNDECLARED_SELECTOR = YES;
				GCC_WARN_UNINITIALIZED_AUTOS = YES_AGGRESSIVE;
				GCC_WARN_UNUSED_FUNCTION = YES;
				GCC_WARN_UNUSED_VARIABLE = YES;
				LOCALIZATION_PREFERS_STRING_CATALOGS = YES;
				MACOSX_DEPLOYMENT_TARGET = 14.0;
				MTL_ENABLE_DEBUG_INFO = INCLUDE_SOURCE;
				MTL_FAST_MATH = YES;
				ONLY_ACTIVE_ARCH = YES;
				SDKROOT = macosx;
				SWIFT_ACTIVE_COMPILATION_CONDITIONS = "DEBUG $(inherited)";
				SWIFT_OPTIMIZATION_LEVEL = "-Onone";
			};
			name = Debug;
		};
		421B6B072B37504100946AF4 /* Release */ = {
			isa = XCBuildConfiguration;
			buildSettings = {
				ALWAYS_SEARCH_USER_PATHS = NO;
				ASSETCATALOG_COMPILER_GENERATE_SWIFT_ASSET_SYMBOL_EXTENSIONS = YES;
				CLANG_ANALYZER_NONNULL = YES;
				CLANG_ANALYZER_NUMBER_OBJECT_CONVERSION = YES_AGGRESSIVE;
				CLANG_CXX_LANGUAGE_STANDARD = "gnu++20";
				CLANG_ENABLE_MODULES = YES;
				CLANG_ENABLE_OBJC_ARC = YES;
				CLANG_ENABLE_OBJC_WEAK = YES;
				CLANG_WARN_BLOCK_CAPTURE_AUTORELEASING = YES;
				CLANG_WARN_BOOL_CONVERSION = YES;
				CLANG_WARN_COMMA = YES;
				CLANG_WARN_CONSTANT_CONVERSION = YES;
				CLANG_WARN_DEPRECATED_OBJC_IMPLEMENTATIONS = YES;
				CLANG_WARN_DIRECT_OBJC_ISA_USAGE = YES_ERROR;
				CLANG_WARN_DOCUMENTATION_COMMENTS = YES;
				CLANG_WARN_EMPTY_BODY = YES;
				CLANG_WARN_ENUM_CONVERSION = YES;
				CLANG_WARN_INFINITE_RECURSION = YES;
				CLANG_WARN_INT_CONVERSION = YES;
				CLANG_WARN_NON_LITERAL_NULL_CONVERSION = YES;
				CLANG_WARN_OBJC_IMPLICIT_RETAIN_SELF = YES;
				CLANG_WARN_OBJC_LITERAL_CONVERSION = YES;
				CLANG_WARN_OBJC_ROOT_CLASS = YES_ERROR;
				CLANG_WARN_QUOTED_INCLUDE_IN_FRAMEWORK_HEADER = YES;
				CLANG_WARN_RANGE_LOOP_ANALYSIS = YES;
				CLANG_WARN_STRICT_PROTOTYPES = YES;
				CLANG_WARN_SUSPICIOUS_MOVE = YES;
				CLANG_WARN_UNGUARDED_AVAILABILITY = YES_AGGRESSIVE;
				CLANG_WARN_UNREACHABLE_CODE = YES;
				CLANG_WARN__DUPLICATE_METHOD_MATCH = YES;
				COPY_PHASE_STRIP = NO;
				DEAD_CODE_STRIPPING = YES;
				DEBUG_INFORMATION_FORMAT = "dwarf-with-dsym";
				ENABLE_NS_ASSERTIONS = NO;
				ENABLE_STRICT_OBJC_MSGSEND = YES;
				ENABLE_USER_SCRIPT_SANDBOXING = YES;
				GCC_C_LANGUAGE_STANDARD = gnu17;
				GCC_NO_COMMON_BLOCKS = YES;
				GCC_WARN_64_TO_32_BIT_CONVERSION = YES;
				GCC_WARN_ABOUT_RETURN_TYPE = YES_ERROR;
				GCC_WARN_UNDECLARED_SELECTOR = YES;
				GCC_WARN_UNINITIALIZED_AUTOS = YES_AGGRESSIVE;
				GCC_WARN_UNUSED_FUNCTION = YES;
				GCC_WARN_UNUSED_VARIABLE = YES;
				LOCALIZATION_PREFERS_STRING_CATALOGS = YES;
				MACOSX_DEPLOYMENT_TARGET = 14.0;
				MTL_ENABLE_DEBUG_INFO = NO;
				MTL_FAST_MATH = YES;
				SDKROOT = macosx;
				SWIFT_COMPILATION_MODE = wholemodule;
			};
			name = Release;
		};
		421B6B092B37504100946AF4 /* Debug */ = {
			isa = XCBuildConfiguration;
			buildSettings = {
				ASSETCATALOG_COMPILER_APPICON_NAME = AppIcon;
				ASSETCATALOG_COMPILER_GLOBAL_ACCENT_COLOR_NAME = AccentColor;
				ASSETCATALOG_COMPILER_INCLUDE_ALL_APPICON_ASSETS = NO;
				CODE_SIGN_ENTITLEMENTS = Micmute/Micmute.entitlements;
				CODE_SIGN_IDENTITY = "Apple Development";
				"CODE_SIGN_IDENTITY[sdk=macosx*]" = "-";
				CODE_SIGN_STYLE = Automatic;
				COMBINE_HIDPI_IMAGES = YES;
				CURRENT_PROJECT_VERSION = 6;
				DEAD_CODE_STRIPPING = YES;
				DEVELOPMENT_ASSET_PATHS = "\"Micmute/Preview Content\"";
				DEVELOPMENT_TEAM = N529W98U62;
				ENABLE_HARDENED_RUNTIME = YES;
				ENABLE_PREVIEWS = YES;
				GENERATE_INFOPLIST_FILE = YES;
				INFOPLIST_FILE = Micmute/Info.plist;
				INFOPLIST_KEY_CFBundleDisplayName = Micmute;
				INFOPLIST_KEY_LSApplicationCategoryType = "public.app-category.utilities";
				INFOPLIST_KEY_LSUIElement = YES;
				INFOPLIST_KEY_NSHumanReadableCopyright = "";
				LD_RUNPATH_SEARCH_PATHS = (
					"$(inherited)",
					"@executable_path/../Frameworks",
				);
				MACOSX_DEPLOYMENT_TARGET = 14.0;
				MARKETING_VERSION = 3.0.0;
				"OTHER_CODE_SIGN_FLAGS[sdk=*]" = "--deep";
				PRODUCT_BUNDLE_IDENTIFIER = com.rokartur.Micmute;
				PRODUCT_NAME = "$(TARGET_NAME)";
				PROVISIONING_PROFILE_SPECIFIER = "";
				SWIFT_EMIT_LOC_STRINGS = YES;
				SWIFT_VERSION = 5.0;
			};
			name = Debug;
		};
		421B6B0A2B37504100946AF4 /* Release */ = {
			isa = XCBuildConfiguration;
			buildSettings = {
				ASSETCATALOG_COMPILER_APPICON_NAME = AppIcon;
				ASSETCATALOG_COMPILER_GLOBAL_ACCENT_COLOR_NAME = AccentColor;
				ASSETCATALOG_COMPILER_INCLUDE_ALL_APPICON_ASSETS = NO;
				CODE_SIGN_ENTITLEMENTS = Micmute/Micmute.entitlements;
				CODE_SIGN_IDENTITY = "Apple Development";
				"CODE_SIGN_IDENTITY[sdk=macosx*]" = "-";
				CODE_SIGN_STYLE = Automatic;
				COMBINE_HIDPI_IMAGES = YES;
				CURRENT_PROJECT_VERSION = 6;
				DEAD_CODE_STRIPPING = YES;
				DEVELOPMENT_ASSET_PATHS = "\"Micmute/Preview Content\"";
				DEVELOPMENT_TEAM = N529W98U62;
				ENABLE_HARDENED_RUNTIME = YES;
				ENABLE_PREVIEWS = YES;
				GENERATE_INFOPLIST_FILE = YES;
				INFOPLIST_FILE = Micmute/Info.plist;
				INFOPLIST_KEY_CFBundleDisplayName = Micmute;
				INFOPLIST_KEY_LSApplicationCategoryType = "public.app-category.utilities";
				INFOPLIST_KEY_LSUIElement = YES;
				INFOPLIST_KEY_NSHumanReadableCopyright = "";
				LD_RUNPATH_SEARCH_PATHS = (
					"$(inherited)",
					"@executable_path/../Frameworks",
				);
				MACOSX_DEPLOYMENT_TARGET = 14.0;
				MARKETING_VERSION = 3.0.0;
				ONLY_ACTIVE_ARCH = YES;
				PRODUCT_BUNDLE_IDENTIFIER = com.rokartur.Micmute;
				PRODUCT_NAME = "$(TARGET_NAME)";
				PROVISIONING_PROFILE_SPECIFIER = "";
				SWIFT_EMIT_LOC_STRINGS = YES;
				SWIFT_VERSION = 5.0;
			};
			name = Release;
		};
/* End XCBuildConfiguration section */

/* Begin XCConfigurationList section */
		421B6AF42B37504000946AF4 /* Build configuration list for PBXProject "Micmute" */ = {
			isa = XCConfigurationList;
			buildConfigurations = (
				421B6B062B37504100946AF4 /* Debug */,
				421B6B072B37504100946AF4 /* Release */,
			);
			defaultConfigurationIsVisible = 0;
			defaultConfigurationName = Release;
		};
		421B6B082B37504100946AF4 /* Build configuration list for PBXNativeTarget "Micmute" */ = {
			isa = XCConfigurationList;
			buildConfigurations = (
				421B6B092B37504100946AF4 /* Debug */,
				421B6B0A2B37504100946AF4 /* Release */,
			);
			defaultConfigurationIsVisible = 0;
			defaultConfigurationName = Release;
		};
/* End XCConfigurationList section */

/* Begin XCRemoteSwiftPackageReference section */
		421A4BF82C0DCF0D00F7F234 /* XCRemoteSwiftPackageReference "KeyboardShortcuts" */ = {
			isa = XCRemoteSwiftPackageReference;
			repositoryURL = "https://github.com/sindresorhus/KeyboardShortcuts";
			requirement = {
				kind = upToNextMajorVersion;
				minimumVersion = 2.0.1;
			};
		};
		421A4BFB2C0DCF1A00F7F234 /* XCRemoteSwiftPackageReference "LaunchAtLogin-Legacy" */ = {
			isa = XCRemoteSwiftPackageReference;
			repositoryURL = "https://github.com/sindresorhus/LaunchAtLogin-Legacy";
			requirement = {
				branch = main;
				kind = branch;
			};
		};
		421A4C012C0DCF5300F7F234 /* XCRemoteSwiftPackageReference "Sparkle" */ = {
			isa = XCRemoteSwiftPackageReference;
			repositoryURL = "https://github.com/sparkle-project/Sparkle";
			requirement = {
				kind = upToNextMajorVersion;
				minimumVersion = 2.6.3;
			};
		};
		75D0AB7B2D58EC2E00CAEE56 /* XCRemoteSwiftPackageReference "MacControlCenterUI" */ = {
			isa = XCRemoteSwiftPackageReference;
			repositoryURL = "https://github.com/orchetect/MacControlCenterUI";
			requirement = {
				kind = upToNextMajorVersion;
				minimumVersion = 2.4.0;
			};
		};
/* End XCRemoteSwiftPackageReference section */

/* Begin XCSwiftPackageProductDependency section */
		421A4BF92C0DCF0D00F7F234 /* KeyboardShortcuts */ = {
			isa = XCSwiftPackageProductDependency;
			package = 421A4BF82C0DCF0D00F7F234 /* XCRemoteSwiftPackageReference "KeyboardShortcuts" */;
			productName = KeyboardShortcuts;
		};
		421A4BFC2C0DCF1A00F7F234 /* LaunchAtLogin */ = {
			isa = XCSwiftPackageProductDependency;
			package = 421A4BFB2C0DCF1A00F7F234 /* XCRemoteSwiftPackageReference "LaunchAtLogin-Legacy" */;
			productName = LaunchAtLogin;
		};
		421A4C022C0DCF5300F7F234 /* Sparkle */ = {
			isa = XCSwiftPackageProductDependency;
			package = 421A4C012C0DCF5300F7F234 /* XCRemoteSwiftPackageReference "Sparkle" */;
			productName = Sparkle;
		};
		75D0AB7C2D58EC2E00CAEE56 /* MacControlCenterUI */ = {
			isa = XCSwiftPackageProductDependency;
			package = 75D0AB7B2D58EC2E00CAEE56 /* XCRemoteSwiftPackageReference "MacControlCenterUI" */;
			productName = MacControlCenterUI;
		};
/* End XCSwiftPackageProductDependency section */
	};
	rootObject = 421B6AF12B37504000946AF4 /* Project object */;
}
